# THIS IS AN AUTOGENERATED FILE. DO NOT EDIT THIS FILE DIRECTLY.
# yarn lockfile v1


"@rails/actioncable@^6.0.1-rc1":
  version "6.0.1-rc1"
  resolved "https://registry.yarnpkg.com/@rails/actioncable/-/actioncable-6.0.1-rc1.tgz#dcef71d74759db97c06fe5c5dc62f52585a5c36a"
  integrity sha512-czxBMEmHExEswEDHs3L7aacyv2wMuNEHyUsJrXKol4B80YKw+Y38vfO8qo9MyS08uATjy5SNUNU1p+u9yVQBdQ==

"@rails/actiontext@^6.0.1-rc1":
  version "6.0.1-rc1"
  resolved "https://registry.yarnpkg.com/@rails/actiontext/-/actiontext-6.0.1-rc1.tgz#9c31821bfeabdcee669cadba6c6ccfe04c355646"
  integrity sha512-YE8/q7efwj2TsORaf+1cg2pu5dcULkkJYb+G1EFJTAWxNIYHOwKn8f+mkdyH2+RGDVjNdqTYHTlvRLla4HyXSQ==
  dependencies:
    "@rails/activestorage" "^6.0.0-alpha"

"@rails/activestorage@^6.0.0-alpha":
  version "6.0.1"
  resolved "https://registry.yarnpkg.com/@rails/activestorage/-/activestorage-6.0.1.tgz#d0dc600ab77160245fae74185bd62787a93d77a9"
  integrity sha512-g4erBXADaKr/bjktnGcCnTMX0fsruOUp7FI+TuALWpRdI4UpAwAGbuaiTkthAfUW2tTjY/ABaZLTEdMnPb1Cfw==
  dependencies:
    spark-md5 "^3.0.0"

"@rails/activestorage@^6.0.1-rc1":
  version "6.0.1-rc1"
  resolved "https://registry.yarnpkg.com/@rails/activestorage/-/activestorage-6.0.1-rc1.tgz#5dd700aac5de89190770e6e3fd7742d5bb016254"
  integrity sha512-ypB34FrGKT+TxRvMHnVVceKJp6VeqZTuoKQHRFeVGwXc/CTuacPbkaaEBqEeAwloTeKq/2L2DbWwtckc4UlVRg==
  dependencies:
    spark-md5 "^3.0.0"

"@rails/ujs@^6.0.1-rc1":
  version "6.0.1-rc1"
  resolved "https://registry.yarnpkg.com/@rails/ujs/-/ujs-6.0.1-rc1.tgz#75abf7f917413764129ed928d3991b97b2f5d2fa"
  integrity sha512-SUwe0B1nRMyvT1LpAPug4pZtbvOlxhPq2h7Zg/KGcCpOdRGqCbHKTHF/3hK1ATxIVC3hZAMnt+bV2YSHexm8TA==

bootstrap@^4.3.1:
  version "4.3.1"
  resolved "https://registry.yarnpkg.com/bootstrap/-/bootstrap-4.3.1.tgz#280ca8f610504d99d7b6b4bfc4b68cec601704ac"
  integrity sha512-rXqOmH1VilAt2DyPzluTi2blhk17bO7ef+zLLPlWvG494pDxcM234pJ8wTc/6R40UWizAIIMgxjvxZg5kmsbag==

data-confirm-modal@^1.6.2:
  version "1.6.2"
  resolved "https://registry.yarnpkg.com/data-confirm-modal/-/data-confirm-modal-1.6.2.tgz#81fc8ea298cfd9311d066915d1710b3cfa57d96b"
  integrity sha512-UYYgx8hS65X8Y336YRp1x6A5Gfkhh4iYkLq5jw7oS++hTcq/3yO8JOrbfHvvr7qqqQxBSPRyvUXnFEFIr4ja4w==

expose-loader@^0.7.5:
  version "0.7.5"
  resolved "https://registry.yarnpkg.com/expose-loader/-/expose-loader-0.7.5.tgz#e29ea2d9aeeed3254a3faa1b35f502db9f9c3f6f"
  integrity sha512-iPowgKUZkTPX5PznYsmifVj9Bob0w2wTHVkt/eYNPSzyebkUgIedmskf/kcfEIWpiWjg3JRjnW+a17XypySMuw==

jquery@^3.4.1:
  version "3.4.1"
  resolved "https://registry.yarnpkg.com/jquery/-/jquery-3.4.1.tgz#714f1f8d9dde4bdfa55764ba37ef214630d80ef2"
  integrity sha512-36+AdBzCL+y6qjw5Tx7HgzeGCzC81MDDgaUP8ld2zhx58HdqXGoBd+tHdrBMiyjGQs0Hxs/MLZTu/eHNJJuWPw==

local-time@^2.1.0:
  version "2.1.0"
  resolved "https://registry.yarnpkg.com/local-time/-/local-time-2.1.0.tgz#be42f06bf269f9da77cb61ea722aa424dd01d919"
  integrity sha512-4rB/8EkJIZ8O8Y5q536fSsRbzXOI0cL30l3ZKm4ISPC4D8jYOhRp/MpAaGKAYUvVIqkojT0c7kJk0RlnwtlR2w==

popper.js@^1.16.0:
  version "1.16.0"
  resolved "https://registry.yarnpkg.com/popper.js/-/popper.js-1.16.0.tgz#2e1816bcbbaa518ea6c2e15a466f4cb9c6e2fbb3"
  integrity sha512-+G+EkOPoE5S/zChTpmBSSDYmhXJ5PsW8eMhH8cP/CQHMFPBG/kC9Y5IIw6qNYgdJ+/COf0ddY2li28iHaZRSjw==

spark-md5@^3.0.0:
  version "3.0.0"
  resolved "https://registry.yarnpkg.com/spark-md5/-/spark-md5-3.0.0.tgz#3722227c54e2faf24b1dc6d933cc144e6f71bfef"
  integrity sha1-NyIifFTi+vJLHcbZM8wUTm9xv+8=

turbolinks@^5.2.0:
  version "5.2.0"
  resolved "https://registry.yarnpkg.com/turbolinks/-/turbolinks-5.2.0.tgz#e6877a55ea5c1cb3bb225f0a4ae303d6d32ff77c"
  integrity sha512-pMiez3tyBo6uRHFNNZoYMmrES/IaGgMhQQM+VFF36keryjb5ms0XkVpmKHkfW/4Vy96qiGW3K9bz0tF5sK9bBw==
